
Microsoft Visual Studio Solution File, Format Version 12.00
# Visual Studio Version 17
VisualStudioVersion = 17.11.35327.3
MinimumVisualStudioVersion = 10.0.40219.1
Project("{FAE04EC0-301F-11D3-BF4B-00C04F79EFBC}") = "ExcelSerializer", "ExcelSerializer\ExcelSerializer.csproj", "{6FDECECB-1E10-4A28-ADEB-94A4375AEB24}"
EndProject
Project("{FAE04EC0-301F-11D3-BF4B-00C04F79EFBC}") = "DemoApp", "DemoApp\DemoApp.csproj", "{06797DE0-FCAE-4978-A3C0-8FAAC6ED910A}"
EndProject
Global
	GlobalSection(SolutionConfigurationPlatforms) = preSolution
		Debug|Any CPU = Debug|Any CPU
		Release|Any CPU = Release|Any CPU
	EndGlobalSection
	GlobalSection(ProjectConfigurationPlatforms) = postSolution
		{6FDECECB-1E10-4A28-ADEB-94A4375AEB24}.Debug|Any CPU.ActiveCfg = Debug|Any CPU
		{6FDECECB-1E10-4A28-ADEB-94A4375AEB24}.Debug|Any CPU.Build.0 = Debug|Any CPU
		{6FDECECB-1E10-4A28-ADEB-94A4375AEB24}.Release|Any CPU.ActiveCfg = Release|Any CPU
		{6FDECECB-1E10-4A28-ADEB-94A4375AEB24}.Release|Any CPU.Build.0 = Release|Any CPU
		{06797DE0-FCAE-4978-A3C0-8FAAC6ED910A}.Debug|Any CPU.ActiveCfg = Debug|Any CPU
		{06797DE0-FCAE-4978-A3C0-8FAAC6ED910A}.Debug|Any CPU.Build.0 = Debug|Any CPU
		{06797DE0-FCAE-4978-A3C0-8FAAC6ED910A}.Release|Any CPU.ActiveCfg = Release|Any CPU
		{06797DE0-FCAE-4978-A3C0-8FAAC6ED910A}.Release|Any CPU.Build.0 = Release|Any CPU
	EndGlobalSection
	GlobalSection(SolutionProperties) = preSolution
		HideSolutionNode = FALSE
	EndGlobalSection
	GlobalSection(ExtensibilityGlobals) = postSolution
		SolutionGuid = {1E6AC542-245E-4282-A970-AA5C63C41140}
	EndGlobalSection
EndGlobal
